{
    "symfony/console": {
        "version": "7.1",
        "recipe": {
            "version": "5.3"
        }
    },
    "symfony/flex": {
        "version": "2.4",
        "recipe": {
            "version": "1.0"
        }
    },
    "symfony/framework-bundle": {
        "version": "v7.1.5"
    },
    "symfony/routing": {
        "version": "7.1",
        "recipe": {
            "version": "7.0"
        }
    }
}
